
Microsoft Visual Studio Solution File, Format Version 12.00
# Visual Studio Version 16
VisualStudioVersion = 16.0.31105.61
MinimumVisualStudioVersion = 10.0.40219.1
Project("{FAE04EC0-301F-11D3-BF4B-00C04F79EFBC}") = "TerceraClaseProgLab2", "TerceraClaseProgLab2\TerceraClaseProgLab2.csproj", "{449D4C44-0A7D-4AA1-BEC7-70D8B7BCCDDA}"
EndProject
Project("{FAE04EC0-301F-11D3-BF4B-00C04F79EFBC}") = "Biblioteca", "Biblioteca\Biblioteca.csproj", "{36684C94-58EB-468E-967C-44EAC0AE03A9}"
EndProject
Project("{FAE04EC0-301F-11D3-BF4B-00C04F79EFBC}") = "EjercicioDiecisiete", "EjercicioDiecisiete\EjercicioDiecisiete.csproj", "{37B69E73-DD8E-4799-BCC8-9AE51EE74EBB}"
EndProject
Global
	GlobalSection(SolutionConfigurationPlatforms) = preSolution
		Debug|Any CPU = Debug|Any CPU
		Release|Any CPU = Release|Any CPU
	EndGlobalSection
	GlobalSection(ProjectConfigurationPlatforms) = postSolution
		{449D4C44-0A7D-4AA1-BEC7-70D8B7BCCDDA}.Debug|Any CPU.ActiveCfg = Debug|Any CPU
		{449D4C44-0A7D-4AA1-BEC7-70D8B7BCCDDA}.Debug|Any CPU.Build.0 = Debug|Any CPU
		{449D4C44-0A7D-4AA1-BEC7-70D8B7BCCDDA}.Release|Any CPU.ActiveCfg = Release|Any CPU
		{449D4C44-0A7D-4AA1-BEC7-70D8B7BCCDDA}.Release|Any CPU.Build.0 = Release|Any CPU
		{36684C94-58EB-468E-967C-44EAC0AE03A9}.Debug|Any CPU.ActiveCfg = Debug|Any CPU
		{36684C94-58EB-468E-967C-44EAC0AE03A9}.Debug|Any CPU.Build.0 = Debug|Any CPU
		{36684C94-58EB-468E-967C-44EAC0AE03A9}.Release|Any CPU.ActiveCfg = Release|Any CPU
		{36684C94-58EB-468E-967C-44EAC0AE03A9}.Release|Any CPU.Build.0 = Release|Any CPU
		{37B69E73-DD8E-4799-BCC8-9AE51EE74EBB}.Debug|Any CPU.ActiveCfg = Debug|Any CPU
		{37B69E73-DD8E-4799-BCC8-9AE51EE74EBB}.Debug|Any CPU.Build.0 = Debug|Any CPU
		{37B69E73-DD8E-4799-BCC8-9AE51EE74EBB}.Release|Any CPU.ActiveCfg = Release|Any CPU
		{37B69E73-DD8E-4799-BCC8-9AE51EE74EBB}.Release|Any CPU.Build.0 = Release|Any CPU
	EndGlobalSection
	GlobalSection(SolutionProperties) = preSolution
		HideSolutionNode = FALSE
	EndGlobalSection
	GlobalSection(ExtensibilityGlobals) = postSolution
		SolutionGuid = {1CE1B3C8-42D9-4EFB-A246-F81534894E19}
	EndGlobalSection
EndGlobal
