
Microsoft Visual Studio Solution File, Format Version 12.00
# Visual Studio Version 16
VisualStudioVersion = 16.0.31105.61
MinimumVisualStudioVersion = 10.0.40219.1
Project("{FAE04EC0-301F-11D3-BF4B-00C04F79EFBC}") = "EjercicioOcho", "EjercicioOcho\EjercicioOcho.csproj", "{0A4E0D6D-2773-4672-A14C-1D097E69CDEC}"
EndProject
Global
	GlobalSection(SolutionConfigurationPlatforms) = preSolution
		Debug|Any CPU = Debug|Any CPU
		Release|Any CPU = Release|Any CPU
	EndGlobalSection
	GlobalSection(ProjectConfigurationPlatforms) = postSolution
		{0A4E0D6D-2773-4672-A14C-1D097E69CDEC}.Debug|Any CPU.ActiveCfg = Debug|Any CPU
		{0A4E0D6D-2773-4672-A14C-1D097E69CDEC}.Debug|Any CPU.Build.0 = Debug|Any CPU
		{0A4E0D6D-2773-4672-A14C-1D097E69CDEC}.Release|Any CPU.ActiveCfg = Release|Any CPU
		{0A4E0D6D-2773-4672-A14C-1D097E69CDEC}.Release|Any CPU.Build.0 = Release|Any CPU
	EndGlobalSection
	GlobalSection(SolutionProperties) = preSolution
		HideSolutionNode = FALSE
	EndGlobalSection
	GlobalSection(ExtensibilityGlobals) = postSolution
		SolutionGuid = {19C4243B-D949-48BF-B78E-CDC0986DBDB2}
	EndGlobalSection
EndGlobal
