
Microsoft Visual Studio Solution File, Format Version 12.00
# Visual Studio Version 16
VisualStudioVersion = 16.0.31105.61
MinimumVisualStudioVersion = 10.0.40219.1
Project("{FAE04EC0-301F-11D3-BF4B-00C04F79EFBC}") = "PrimeraClaseProgLab2", "PrimeraClaseProgLab2\PrimeraClaseProgLab2.csproj", "{10111F6C-2B7C-4907-A62D-F8E6D9D70BCE}"
EndProject
Project("{FAE04EC0-301F-11D3-BF4B-00C04F79EFBC}") = "EjercicioUno", "EjercicioUno\EjercicioUno.csproj", "{986C9DFF-9BD5-42C3-B139-EFEDC72B16DE}"
EndProject
Project("{FAE04EC0-301F-11D3-BF4B-00C04F79EFBC}") = "EjercicioDos", "EjercicioDos\EjercicioDos.csproj", "{2675DD8F-9FAE-4DCF-AEE3-329BA50B98E1}"
EndProject
Project("{FAE04EC0-301F-11D3-BF4B-00C04F79EFBC}") = "EjercicioTres", "EjercicioTres\EjercicioTres.csproj", "{E430BFCF-E08F-4AC3-82C3-4D713F4A23F1}"
EndProject
Project("{FAE04EC0-301F-11D3-BF4B-00C04F79EFBC}") = "EjercicioCuatro", "EjercicioCuatro\EjercicioCuatro.csproj", "{CFA2BADE-3623-4ADE-801E-0600CCF97BD8}"
EndProject
Global
	GlobalSection(SolutionConfigurationPlatforms) = preSolution
		Debug|Any CPU = Debug|Any CPU
		Release|Any CPU = Release|Any CPU
	EndGlobalSection
	GlobalSection(ProjectConfigurationPlatforms) = postSolution
		{10111F6C-2B7C-4907-A62D-F8E6D9D70BCE}.Debug|Any CPU.ActiveCfg = Debug|Any CPU
		{10111F6C-2B7C-4907-A62D-F8E6D9D70BCE}.Debug|Any CPU.Build.0 = Debug|Any CPU
		{10111F6C-2B7C-4907-A62D-F8E6D9D70BCE}.Release|Any CPU.ActiveCfg = Release|Any CPU
		{10111F6C-2B7C-4907-A62D-F8E6D9D70BCE}.Release|Any CPU.Build.0 = Release|Any CPU
		{986C9DFF-9BD5-42C3-B139-EFEDC72B16DE}.Debug|Any CPU.ActiveCfg = Debug|Any CPU
		{986C9DFF-9BD5-42C3-B139-EFEDC72B16DE}.Debug|Any CPU.Build.0 = Debug|Any CPU
		{986C9DFF-9BD5-42C3-B139-EFEDC72B16DE}.Release|Any CPU.ActiveCfg = Release|Any CPU
		{986C9DFF-9BD5-42C3-B139-EFEDC72B16DE}.Release|Any CPU.Build.0 = Release|Any CPU
		{2675DD8F-9FAE-4DCF-AEE3-329BA50B98E1}.Debug|Any CPU.ActiveCfg = Debug|Any CPU
		{2675DD8F-9FAE-4DCF-AEE3-329BA50B98E1}.Debug|Any CPU.Build.0 = Debug|Any CPU
		{2675DD8F-9FAE-4DCF-AEE3-329BA50B98E1}.Release|Any CPU.ActiveCfg = Release|Any CPU
		{2675DD8F-9FAE-4DCF-AEE3-329BA50B98E1}.Release|Any CPU.Build.0 = Release|Any CPU
		{E430BFCF-E08F-4AC3-82C3-4D713F4A23F1}.Debug|Any CPU.ActiveCfg = Debug|Any CPU
		{E430BFCF-E08F-4AC3-82C3-4D713F4A23F1}.Debug|Any CPU.Build.0 = Debug|Any CPU
		{E430BFCF-E08F-4AC3-82C3-4D713F4A23F1}.Release|Any CPU.ActiveCfg = Release|Any CPU
		{E430BFCF-E08F-4AC3-82C3-4D713F4A23F1}.Release|Any CPU.Build.0 = Release|Any CPU
		{CFA2BADE-3623-4ADE-801E-0600CCF97BD8}.Debug|Any CPU.ActiveCfg = Debug|Any CPU
		{CFA2BADE-3623-4ADE-801E-0600CCF97BD8}.Debug|Any CPU.Build.0 = Debug|Any CPU
		{CFA2BADE-3623-4ADE-801E-0600CCF97BD8}.Release|Any CPU.ActiveCfg = Release|Any CPU
		{CFA2BADE-3623-4ADE-801E-0600CCF97BD8}.Release|Any CPU.Build.0 = Release|Any CPU
	EndGlobalSection
	GlobalSection(SolutionProperties) = preSolution
		HideSolutionNode = FALSE
	EndGlobalSection
	GlobalSection(ExtensibilityGlobals) = postSolution
		SolutionGuid = {6C0B43BD-5051-44D3-8984-57E4CF100843}
	EndGlobalSection
EndGlobal
