
Microsoft Visual Studio Solution File, Format Version 12.00
# Visual Studio Version 16
VisualStudioVersion = 16.0.31613.86
MinimumVisualStudioVersion = 10.0.40219.1
Project("{FAE04EC0-301F-11D3-BF4B-00C04F79EFBC}") = "Clase_03_Ejercicio1", "Clase_03_Ejercicio1\Clase_03_Ejercicio1.csproj", "{323839BB-9B67-4121-AC7E-AD63F7549987}"
EndProject
Project("{FAE04EC0-301F-11D3-BF4B-00C04F79EFBC}") = "Biblioteca", "Biblioteca\Biblioteca.csproj", "{041433EF-FFC8-4C0A-B900-5C6390E6437B}"
EndProject
Global
	GlobalSection(SolutionConfigurationPlatforms) = preSolution
		Debug|Any CPU = Debug|Any CPU
		Release|Any CPU = Release|Any CPU
	EndGlobalSection
	GlobalSection(ProjectConfigurationPlatforms) = postSolution
		{323839BB-9B67-4121-AC7E-AD63F7549987}.Debug|Any CPU.ActiveCfg = Debug|Any CPU
		{323839BB-9B67-4121-AC7E-AD63F7549987}.Debug|Any CPU.Build.0 = Debug|Any CPU
		{323839BB-9B67-4121-AC7E-AD63F7549987}.Release|Any CPU.ActiveCfg = Release|Any CPU
		{323839BB-9B67-4121-AC7E-AD63F7549987}.Release|Any CPU.Build.0 = Release|Any CPU
		{041433EF-FFC8-4C0A-B900-5C6390E6437B}.Debug|Any CPU.ActiveCfg = Debug|Any CPU
		{041433EF-FFC8-4C0A-B900-5C6390E6437B}.Debug|Any CPU.Build.0 = Debug|Any CPU
		{041433EF-FFC8-4C0A-B900-5C6390E6437B}.Release|Any CPU.ActiveCfg = Release|Any CPU
		{041433EF-FFC8-4C0A-B900-5C6390E6437B}.Release|Any CPU.Build.0 = Release|Any CPU
	EndGlobalSection
	GlobalSection(SolutionProperties) = preSolution
		HideSolutionNode = FALSE
	EndGlobalSection
	GlobalSection(ExtensibilityGlobals) = postSolution
		SolutionGuid = {681C70C2-0F01-457E-9389-18B31D5B9F6D}
	EndGlobalSection
EndGlobal
